docker_images:
  postgres:
    ref: postgres:16@sha256:4b7183ac05f8ef417db21fd72d71047a4238340c261d3cc3ddb6d579ab5071ae
    resolved_at: '2026-06-07'
  evento_server:
    ref: eventoframework/evento-server:2.1.0@sha256:b70d3af3f2f026e369c51a1837a33dc6f4edc16eb9c0cb02d010b59d7608e2b4
    resolved_at: '2026-06-07'
  build_image:
    ref: maven:3.9-eclipse-temurin-21
    resolved_at: null
  k6:
    ref: grafana/k6:2.0.0
    resolved_at: null
frameworks:
  evento_bundle: com.eventoframework:evento-bundle:2.1.0
  axon_spring_boot_starter: org.axonframework:axon-spring-boot-starter:4.13.1
  spring_boot: 3.5.14
  archunit: com.tngtech.archunit:archunit:1.4.1
  jdk: '25'
  maven: 3.9.x
static_tools:
  ck:
    version: 0.7.0
    url: https://repo1.maven.org/maven2/com/github/mauricioaniche/ck/0.7.0/ck-0.7.0-jar-with-dependencies.jar
    sha256: 2ddfdc275b6b59c2033e03253c4fec511c338fe494a10b70f651bc039a72c74d
  pmd:
    version: 7.25.0
    url: https://github.com/pmd/pmd/releases/download/pmd_releases%2F7.25.0/pmd-dist-7.25.0-bin.zip
    sha256: 1fceb3005ebfd580cc9afa5242e07df74826eedeb225f239f503083845d77fc2
  cloc:
    version: '2.08'
    url: https://github.com/AlDanial/cloc/releases/download/v2.08/cloc-2.08.pl
    sha256: 0a551a86c7785880bcaa0fdfe6107c064abfbebc7cc26b7eaeac423fe2c0d49e
python:
  version: '3.12'
  manager: uv
agent_clis:
  claude_code:
    version: RECORD_AT_PILOT
  codex:
    version: RECORD_AT_SCALEOUT
  gemini:
    version: RECORD_AT_SCALEOUT
  opencode:
    version: RECORD_AT_SCALEOUT
